# This file is automatically @generated by Cargo.
# It is not intended for manual editing.
version = 4

[[package]]
name = "firefly-core"
version = "0.1.0"
dependencies = [
 "firefly-geo",
]

[[package]]
name = "firefly-geo"
version = "0.1.0"

[[package]]
name = "firefly-sim"
version = "0.1.0"
dependencies = [
 "firefly-core",
 "firefly-geo",
]
